// !$*UTF8*$!
{
	archiveVersion = 1;
	classes = {
	};
	objectVersion = 56;
	objects = {

/* Begin PBXBuildFile section */
		E427CEF72B31C0EF00F9AC04 /* UserDetailView.swift in Sources */ = {isa = PBXBuildFile; fileRef = E427CEF62B31C0EF00F9AC04 /* UserDetailView.swift */; };
		E427CEF92B31C0FE00F9AC04 /* UserDetailView.xib in Resources */ = {isa = PBXBuildFile; fileRef = E427CEF82B31C0FE00F9AC04 /* UserDetailView.xib */; };
		E427CEFE2B31C18700F9AC04 /* UsersViewController.swift in Sources */ = {isa = PBXBuildFile; fileRef = E427CEFA2B31C18700F9AC04 /* UsersViewController.swift */; };
		E427CEFF2B31C18700F9AC04 /* UserDetailsViewController.xib in Resources */ = {isa = PBXBuildFile; fileRef = E427CEFB2B31C18700F9AC04 /* UserDetailsViewController.xib */; };
		E427CF002B31C18700F9AC04 /* UsersViewController.xib in Resources */ = {isa = PBXBuildFile; fileRef = E427CEFC2B31C18700F9AC04 /* UsersViewController.xib */; };
		E427CF012B31C18700F9AC04 /* UserDetailsViewController.swift in Sources */ = {isa = PBXBuildFile; fileRef = E427CEFD2B31C18700F9AC04 /* UserDetailsViewController.swift */; };
		E437C2612ACCCD4B00DD8950 /* User.swift in Sources */ = {isa = PBXBuildFile; fileRef = E437C2602ACCCD4B00DD8950 /* User.swift */; };
		E437C2632ACCCF3800DD8950 /* NetworkManager.swift in Sources */ = {isa = PBXBuildFile; fileRef = E437C2622ACCCF3800DD8950 /* NetworkManager.swift */; };
		E43FBCEC2C9DA428008D495E /* TabBarController.swift in Sources */ = {isa = PBXBuildFile; fileRef = E43FBCEB2C9DA428008D495E /* TabBarController.swift */; };
		E43FBCEE2C9DB4B2008D495E /* MapViewController.xib in Resources */ = {isa = PBXBuildFile; fileRef = E43FBCED2C9DB4B2008D495E /* MapViewController.xib */; };
		E43FBCF12C9DE2B4008D495E /* UsersManager.swift in Sources */ = {isa = PBXBuildFile; fileRef = E43FBCF02C9DE2B4008D495E /* UsersManager.swift */; };
		E4431CB82B0A8E5D00820A44 /* UserCellView.xib in Resources */ = {isa = PBXBuildFile; fileRef = E4431CB72B0A8E5D00820A44 /* UserCellView.xib */; };
		E447041B2AFD4FA400D5C5BF /* NetworkError.swift in Sources */ = {isa = PBXBuildFile; fileRef = E447041A2AFD4FA400D5C5BF /* NetworkError.swift */; };
		E45A03CD2C9EF29400DADA8A /* UserAnnotation.swift in Sources */ = {isa = PBXBuildFile; fileRef = E45A03CC2C9EF29400DADA8A /* UserAnnotation.swift */; };
		E45ED0532CA0A9F800246A10 /* ViewControllerHelper.swift in Sources */ = {isa = PBXBuildFile; fileRef = E45ED0522CA0A9F800246A10 /* ViewControllerHelper.swift */; };
		E45ED0552CA0B07500246A10 /* CustomAlertManager.swift in Sources */ = {isa = PBXBuildFile; fileRef = E45ED0542CA0B07500246A10 /* CustomAlertManager.swift */; };
		E468D2842B4732FA0045A8AE /* PostalColde.swift in Sources */ = {isa = PBXBuildFile; fileRef = E468D2832B4732FA0045A8AE /* PostalColde.swift */; };
		E46B5BF42C9A40D8005B7806 /* MapViewController.swift in Sources */ = {isa = PBXBuildFile; fileRef = E46B5BF32C9A40D8005B7806 /* MapViewController.swift */; };
		E4BE7A8E2B92494400B78D46 /* ImageDownloadError.swift in Sources */ = {isa = PBXBuildFile; fileRef = E4BE7A8D2B92494400B78D46 /* ImageDownloadError.swift */; };
		E4C1ABF72B88BD42009042A5 /* NetworkMonitor.swift in Sources */ = {isa = PBXBuildFile; fileRef = E4C1ABF62B88BD42009042A5 /* NetworkMonitor.swift */; };
		E4C1ABF92B88BD57009042A5 /* NetworkNotificationNames.swift in Sources */ = {isa = PBXBuildFile; fileRef = E4C1ABF82B88BD57009042A5 /* NetworkNotificationNames.swift */; };
		E4C1ABFB2B88BD5F009042A5 /* NetworkInterfaceType.swift in Sources */ = {isa = PBXBuildFile; fileRef = E4C1ABFA2B88BD5F009042A5 /* NetworkInterfaceType.swift */; };
		E4C1ABFE2B88C383009042A5 /* LoadingViewController.swift in Sources */ = {isa = PBXBuildFile; fileRef = E4C1ABFC2B88C383009042A5 /* LoadingViewController.swift */; };
		E4C1ABFF2B88C383009042A5 /* LoadingViewController.xib in Resources */ = {isa = PBXBuildFile; fileRef = E4C1ABFD2B88C383009042A5 /* LoadingViewController.xib */; };
		E4C4A4F22AC5CB6E00BAA03A /* AppDelegate.swift in Sources */ = {isa = PBXBuildFile; fileRef = E4C4A4F12AC5CB6E00BAA03A /* AppDelegate.swift */; };
		E4C4A4F42AC5CB6E00BAA03A /* SceneDelegate.swift in Sources */ = {isa = PBXBuildFile; fileRef = E4C4A4F32AC5CB6E00BAA03A /* SceneDelegate.swift */; };
		E4C4A4FB2AC5CB6F00BAA03A /* Assets.xcassets in Resources */ = {isa = PBXBuildFile; fileRef = E4C4A4FA2AC5CB6F00BAA03A /* Assets.xcassets */; };
		E4C4A5062AC5CC7C00BAA03A /* UserCellView.swift in Sources */ = {isa = PBXBuildFile; fileRef = E4C4A5052AC5CC7C00BAA03A /* UserCellView.swift */; };
		E4E43DA52AFD152600A92706 /* UsersImageExtensions.swift in Sources */ = {isa = PBXBuildFile; fileRef = E4E43DA42AFD152600A92706 /* UsersImageExtensions.swift */; };
/* End PBXBuildFile section */

/* Begin PBXFileReference section */
		E427CEF62B31C0EF00F9AC04 /* UserDetailView.swift */ = {isa = PBXFileReference; fileEncoding = 4; lastKnownFileType = sourcecode.swift; path = UserDetailView.swift; sourceTree = "<group>"; };
		E427CEF82B31C0FE00F9AC04 /* UserDetailView.xib */ = {isa = PBXFileReference; fileEncoding = 4; lastKnownFileType = file.xib; path = UserDetailView.xib; sourceTree = "<group>"; };
		E427CEFA2B31C18700F9AC04 /* UsersViewController.swift */ = {isa = PBXFileReference; fileEncoding = 4; lastKnownFileType = sourcecode.swift; path = UsersViewController.swift; sourceTree = "<group>"; };
		E427CEFB2B31C18700F9AC04 /* UserDetailsViewController.xib */ = {isa = PBXFileReference; fileEncoding = 4; lastKnownFileType = file.xib; path = UserDetailsViewController.xib; sourceTree = "<group>"; };
		E427CEFC2B31C18700F9AC04 /* UsersViewController.xib */ = {isa = PBXFileReference; fileEncoding = 4; lastKnownFileType = file.xib; name = UsersViewController.xib; path = ../Models/UsersViewController.xib; sourceTree = "<group>"; };
		E427CEFD2B31C18700F9AC04 /* UserDetailsViewController.swift */ = {isa = PBXFileReference; fileEncoding = 4; lastKnownFileType = sourcecode.swift; path = UserDetailsViewController.swift; sourceTree = "<group>"; };
		E437C2602ACCCD4B00DD8950 /* User.swift */ = {isa = PBXFileReference; lastKnownFileType = sourcecode.swift; path = User.swift; sourceTree = "<group>"; };
		E437C2622ACCCF3800DD8950 /* NetworkManager.swift */ = {isa = PBXFileReference; lastKnownFileType = sourcecode.swift; path = NetworkManager.swift; sourceTree = "<group>"; };
		E43FBCEB2C9DA428008D495E /* TabBarController.swift */ = {isa = PBXFileReference; lastKnownFileType = sourcecode.swift; path = TabBarController.swift; sourceTree = "<group>"; };
		E43FBCED2C9DB4B2008D495E /* MapViewController.xib */ = {isa = PBXFileReference; lastKnownFileType = file.xib; path = MapViewController.xib; sourceTree = "<group>"; };
		E43FBCF02C9DE2B4008D495E /* UsersManager.swift */ = {isa = PBXFileReference; lastKnownFileType = sourcecode.swift; path = UsersManager.swift; sourceTree = "<group>"; };
		E4431CB72B0A8E5D00820A44 /* UserCellView.xib */ = {isa = PBXFileReference; lastKnownFileType = file.xib; path = UserCellView.xib; sourceTree = "<group>"; };
		E447041A2AFD4FA400D5C5BF /* NetworkError.swift */ = {isa = PBXFileReference; lastKnownFileType = sourcecode.swift; path = NetworkError.swift; sourceTree = "<group>"; };
		E45A03CC2C9EF29400DADA8A /* UserAnnotation.swift */ = {isa = PBXFileReference; lastKnownFileType = sourcecode.swift; path = UserAnnotation.swift; sourceTree = "<group>"; };
		E45ED0522CA0A9F800246A10 /* ViewControllerHelper.swift */ = {isa = PBXFileReference; lastKnownFileType = sourcecode.swift; path = ViewControllerHelper.swift; sourceTree = "<group>"; };
		E45ED0542CA0B07500246A10 /* CustomAlertManager.swift */ = {isa = PBXFileReference; lastKnownFileType = sourcecode.swift; path = CustomAlertManager.swift; sourceTree = "<group>"; };
		E468D2832B4732FA0045A8AE /* PostalColde.swift */ = {isa = PBXFileReference; lastKnownFileType = sourcecode.swift; path = PostalColde.swift; sourceTree = "<group>"; };
		E46B5BF32C9A40D8005B7806 /* MapViewController.swift */ = {isa = PBXFileReference; lastKnownFileType = sourcecode.swift; path = MapViewController.swift; sourceTree = "<group>"; };
		E4BE7A8D2B92494400B78D46 /* ImageDownloadError.swift */ = {isa = PBXFileReference; lastKnownFileType = sourcecode.swift; path = ImageDownloadError.swift; sourceTree = "<group>"; };
		E4C1ABF62B88BD42009042A5 /* NetworkMonitor.swift */ = {isa = PBXFileReference; fileEncoding = 4; lastKnownFileType = sourcecode.swift; path = NetworkMonitor.swift; sourceTree = "<group>"; };
		E4C1ABF82B88BD57009042A5 /* NetworkNotificationNames.swift */ = {isa = PBXFileReference; fileEncoding = 4; lastKnownFileType = sourcecode.swift; path = NetworkNotificationNames.swift; sourceTree = "<group>"; };
		E4C1ABFA2B88BD5F009042A5 /* NetworkInterfaceType.swift */ = {isa = PBXFileReference; fileEncoding = 4; lastKnownFileType = sourcecode.swift; path = NetworkInterfaceType.swift; sourceTree = "<group>"; };
		E4C1ABFC2B88C383009042A5 /* LoadingViewController.swift */ = {isa = PBXFileReference; fileEncoding = 4; lastKnownFileType = sourcecode.swift; path = LoadingViewController.swift; sourceTree = "<group>"; };
		E4C1ABFD2B88C383009042A5 /* LoadingViewController.xib */ = {isa = PBXFileReference; fileEncoding = 4; lastKnownFileType = file.xib; path = LoadingViewController.xib; sourceTree = "<group>"; };
		E4C4A4EE2AC5CB6E00BAA03A /* UsersApp.app */ = {isa = PBXFileReference; explicitFileType = wrapper.application; includeInIndex = 0; path = UsersApp.app; sourceTree = BUILT_PRODUCTS_DIR; };
		E4C4A4F12AC5CB6E00BAA03A /* AppDelegate.swift */ = {isa = PBXFileReference; lastKnownFileType = sourcecode.swift; path = AppDelegate.swift; sourceTree = "<group>"; };
		E4C4A4F32AC5CB6E00BAA03A /* SceneDelegate.swift */ = {isa = PBXFileReference; lastKnownFileType = sourcecode.swift; path = SceneDelegate.swift; sourceTree = "<group>"; };
		E4C4A4FA2AC5CB6F00BAA03A /* Assets.xcassets */ = {isa = PBXFileReference; lastKnownFileType = folder.assetcatalog; path = Assets.xcassets; sourceTree = "<group>"; };
		E4C4A4FF2AC5CB6F00BAA03A /* Info.plist */ = {isa = PBXFileReference; lastKnownFileType = text.plist.xml; path = Info.plist; sourceTree = "<group>"; };
		E4C4A5052AC5CC7C00BAA03A /* UserCellView.swift */ = {isa = PBXFileReference; lastKnownFileType = sourcecode.swift; path = UserCellView.swift; sourceTree = "<group>"; };
		E4E43DA42AFD152600A92706 /* UsersImageExtensions.swift */ = {isa = PBXFileReference; lastKnownFileType = sourcecode.swift; path = UsersImageExtensions.swift; sourceTree = "<group>"; };
/* End PBXFileReference section */

/* Begin PBXFrameworksBuildPhase section */
		E4C4A4EB2AC5CB6E00BAA03A /* Frameworks */ = {
			isa = PBXFrameworksBuildPhase;
			buildActionMask = 2147483647;
			files = (
			);
			runOnlyForDeploymentPostprocessing = 0;
		};
/* End PBXFrameworksBuildPhase section */

/* Begin PBXGroup section */
		E403E82E2B7D3A7A0008AAE2 /* Errors */ = {
			isa = PBXGroup;
			children = (
				E447041A2AFD4FA400D5C5BF /* NetworkError.swift */,
				E4BE7A8D2B92494400B78D46 /* ImageDownloadError.swift */,
			);
			name = Errors;
			sourceTree = "<group>";
		};
		E43FBCEF2C9DE298008D495E /* Shared */ = {
			isa = PBXGroup;
			children = (
				E43FBCF02C9DE2B4008D495E /* UsersManager.swift */,
				E45ED0522CA0A9F800246A10 /* ViewControllerHelper.swift */,
				E45ED0542CA0B07500246A10 /* CustomAlertManager.swift */,
			);
			path = Shared;
			sourceTree = "<group>";
		};
		E4BBFCEF2B0CFE4000027A26 /* Views */ = {
			isa = PBXGroup;
			children = (
				E427CEF62B31C0EF00F9AC04 /* UserDetailView.swift */,
				E427CEF82B31C0FE00F9AC04 /* UserDetailView.xib */,
				E4C4A5052AC5CC7C00BAA03A /* UserCellView.swift */,
				E4431CB72B0A8E5D00820A44 /* UserCellView.xib */,
			);
			path = Views;
			sourceTree = "<group>";
		};
		E4C4A4E52AC5CB6E00BAA03A = {
			isa = PBXGroup;
			children = (
				E4C4A4F02AC5CB6E00BAA03A /* UsersApp */,
				E4C4A4EF2AC5CB6E00BAA03A /* Products */,
			);
			sourceTree = "<group>";
		};
		E4C4A4EF2AC5CB6E00BAA03A /* Products */ = {
			isa = PBXGroup;
			children = (
				E4C4A4EE2AC5CB6E00BAA03A /* UsersApp.app */,
			);
			name = Products;
			sourceTree = "<group>";
		};
		E4C4A4F02AC5CB6E00BAA03A /* UsersApp */ = {
			isa = PBXGroup;
			children = (
				E4E43DA72AFD1C9700A92706 /* AppDelegate */,
				E43FBCEF2C9DE298008D495E /* Shared */,
				E403E82E2B7D3A7A0008AAE2 /* Errors */,
				E4E43DA32AFD14E500A92706 /* Extensions */,
				E4E43DA62AFD1C7700A92706 /* Networking */,
				E4E43DA82AFD1CD500A92706 /* Models */,
				E4E43DA92AFD1D1A00A92706 /* Controllers */,
				E4BBFCEF2B0CFE4000027A26 /* Views */,
				E4C4A4FA2AC5CB6F00BAA03A /* Assets.xcassets */,
				E4C4A4FF2AC5CB6F00BAA03A /* Info.plist */,
			);
			path = UsersApp;
			sourceTree = "<group>";
		};
		E4E43DA32AFD14E500A92706 /* Extensions */ = {
			isa = PBXGroup;
			children = (
				E4E43DA42AFD152600A92706 /* UsersImageExtensions.swift */,
				E4C1ABF82B88BD57009042A5 /* NetworkNotificationNames.swift */,
				E4C1ABFA2B88BD5F009042A5 /* NetworkInterfaceType.swift */,
			);
			path = Extensions;
			sourceTree = "<group>";
		};
		E4E43DA62AFD1C7700A92706 /* Networking */ = {
			isa = PBXGroup;
			children = (
				E437C2622ACCCF3800DD8950 /* NetworkManager.swift */,
				E4C1ABF62B88BD42009042A5 /* NetworkMonitor.swift */,
			);
			path = Networking;
			sourceTree = "<group>";
		};
		E4E43DA72AFD1C9700A92706 /* AppDelegate */ = {
			isa = PBXGroup;
			children = (
				E4C4A4F12AC5CB6E00BAA03A /* AppDelegate.swift */,
				E4C4A4F32AC5CB6E00BAA03A /* SceneDelegate.swift */,
			);
			path = AppDelegate;
			sourceTree = "<group>";
		};
		E4E43DA82AFD1CD500A92706 /* Models */ = {
			isa = PBXGroup;
			children = (
				E437C2602ACCCD4B00DD8950 /* User.swift */,
				E468D2832B4732FA0045A8AE /* PostalColde.swift */,
				E45A03CC2C9EF29400DADA8A /* UserAnnotation.swift */,
			);
			path = Models;
			sourceTree = "<group>";
		};
		E4E43DA92AFD1D1A00A92706 /* Controllers */ = {
			isa = PBXGroup;
			children = (
				E427CEFA2B31C18700F9AC04 /* UsersViewController.swift */,
				E427CEFC2B31C18700F9AC04 /* UsersViewController.xib */,
				E427CEFD2B31C18700F9AC04 /* UserDetailsViewController.swift */,
				E427CEFB2B31C18700F9AC04 /* UserDetailsViewController.xib */,
				E4C1ABFC2B88C383009042A5 /* LoadingViewController.swift */,
				E4C1ABFD2B88C383009042A5 /* LoadingViewController.xib */,
				E46B5BF32C9A40D8005B7806 /* MapViewController.swift */,
				E43FBCED2C9DB4B2008D495E /* MapViewController.xib */,
				E43FBCEB2C9DA428008D495E /* TabBarController.swift */,
			);
			path = Controllers;
			sourceTree = "<group>";
		};
/* End PBXGroup section */

/* Begin PBXNativeTarget section */
		E4C4A4ED2AC5CB6E00BAA03A /* UsersApp */ = {
			isa = PBXNativeTarget;
			buildConfigurationList = E4C4A5022AC5CB6F00BAA03A /* Build configuration list for PBXNativeTarget "UsersApp" */;
			buildPhases = (
				E4C4A4EA2AC5CB6E00BAA03A /* Sources */,
				E4C4A4EB2AC5CB6E00BAA03A /* Frameworks */,
				E4C4A4EC2AC5CB6E00BAA03A /* Resources */,
			);
			buildRules = (
			);
			dependencies = (
			);
			name = UsersApp;
			productName = Prob;
			productReference = E4C4A4EE2AC5CB6E00BAA03A /* UsersApp.app */;
			productType = "com.apple.product-type.application";
		};
/* End PBXNativeTarget section */

/* Begin PBXProject section */
		E4C4A4E62AC5CB6E00BAA03A /* Project object */ = {
			isa = PBXProject;
			attributes = {
				BuildIndependentTargetsInParallel = 1;
				LastSwiftUpdateCheck = 1430;
				LastUpgradeCheck = 1520;
				TargetAttributes = {
					E4C4A4ED2AC5CB6E00BAA03A = {
						CreatedOnToolsVersion = 14.3.1;
					};
				};
			};
			buildConfigurationList = E4C4A4E92AC5CB6E00BAA03A /* Build configuration list for PBXProject "UsersApp" */;
			compatibilityVersion = "Xcode 14.0";
			developmentRegion = en;
			hasScannedForEncodings = 0;
			knownRegions = (
				en,
				Base,
			);
			mainGroup = E4C4A4E52AC5CB6E00BAA03A;
			productRefGroup = E4C4A4EF2AC5CB6E00BAA03A /* Products */;
			projectDirPath = "";
			projectRoot = "";
			targets = (
				E4C4A4ED2AC5CB6E00BAA03A /* UsersApp */,
			);
		};
/* End PBXProject section */

/* Begin PBXResourcesBuildPhase section */
		E4C4A4EC2AC5CB6E00BAA03A /* Resources */ = {
			isa = PBXResourcesBuildPhase;
			buildActionMask = 2147483647;
			files = (
				E4C1ABFF2B88C383009042A5 /* LoadingViewController.xib in Resources */,
				E427CEFF2B31C18700F9AC04 /* UserDetailsViewController.xib in Resources */,
				E427CF002B31C18700F9AC04 /* UsersViewController.xib in Resources */,
				E4C4A4FB2AC5CB6F00BAA03A /* Assets.xcassets in Resources */,
				E43FBCEE2C9DB4B2008D495E /* MapViewController.xib in Resources */,
				E427CEF92B31C0FE00F9AC04 /* UserDetailView.xib in Resources */,
				E4431CB82B0A8E5D00820A44 /* UserCellView.xib in Resources */,
			);
			runOnlyForDeploymentPostprocessing = 0;
		};
/* End PBXResourcesBuildPhase section */

/* Begin PBXSourcesBuildPhase section */
		E4C4A4EA2AC5CB6E00BAA03A /* Sources */ = {
			isa = PBXSourcesBuildPhase;
			buildActionMask = 2147483647;
			files = (
				E437C2632ACCCF3800DD8950 /* NetworkManager.swift in Sources */,
				E45ED0552CA0B07500246A10 /* CustomAlertManager.swift in Sources */,
				E4C1ABF72B88BD42009042A5 /* NetworkMonitor.swift in Sources */,
				E437C2612ACCCD4B00DD8950 /* User.swift in Sources */,
				E468D2842B4732FA0045A8AE /* PostalColde.swift in Sources */,
				E43FBCEC2C9DA428008D495E /* TabBarController.swift in Sources */,
				E4C1ABFE2B88C383009042A5 /* LoadingViewController.swift in Sources */,
				E4C4A5062AC5CC7C00BAA03A /* UserCellView.swift in Sources */,
				E4C4A4F22AC5CB6E00BAA03A /* AppDelegate.swift in Sources */,
				E447041B2AFD4FA400D5C5BF /* NetworkError.swift in Sources */,
				E4BE7A8E2B92494400B78D46 /* ImageDownloadError.swift in Sources */,
				E4E43DA52AFD152600A92706 /* UsersImageExtensions.swift in Sources */,
				E43FBCF12C9DE2B4008D495E /* UsersManager.swift in Sources */,
				E4C4A4F42AC5CB6E00BAA03A /* SceneDelegate.swift in Sources */,
				E427CEFE2B31C18700F9AC04 /* UsersViewController.swift in Sources */,
				E4C1ABFB2B88BD5F009042A5 /* NetworkInterfaceType.swift in Sources */,
				E427CF012B31C18700F9AC04 /* UserDetailsViewController.swift in Sources */,
				E4C1ABF92B88BD57009042A5 /* NetworkNotificationNames.swift in Sources */,
				E45ED0532CA0A9F800246A10 /* ViewControllerHelper.swift in Sources */,
				E45A03CD2C9EF29400DADA8A /* UserAnnotation.swift in Sources */,
				E427CEF72B31C0EF00F9AC04 /* UserDetailView.swift in Sources */,
				E46B5BF42C9A40D8005B7806 /* MapViewController.swift in Sources */,
			);
			runOnlyForDeploymentPostprocessing = 0;
		};
/* End PBXSourcesBuildPhase section */

/* Begin XCBuildConfiguration section */
		E4C4A5002AC5CB6F00BAA03A /* Debug */ = {
			isa = XCBuildConfiguration;
			buildSettings = {
				ALWAYS_SEARCH_USER_PATHS = NO;
				CLANG_ANALYZER_NONNULL = YES;
				CLANG_ANALYZER_NUMBER_OBJECT_CONVERSION = YES_AGGRESSIVE;
				CLANG_CXX_LANGUAGE_STANDARD = "gnu++20";
				CLANG_ENABLE_MODULES = YES;
				CLANG_ENABLE_OBJC_ARC = YES;
				CLANG_ENABLE_OBJC_WEAK = YES;
				CLANG_WARN_BLOCK_CAPTURE_AUTORELEASING = YES;
				CLANG_WARN_BOOL_CONVERSION = YES;
				CLANG_WARN_COMMA = YES;
				CLANG_WARN_CONSTANT_CONVERSION = YES;
				CLANG_WARN_DEPRECATED_OBJC_IMPLEMENTATIONS = YES;
				CLANG_WARN_DIRECT_OBJC_ISA_USAGE = YES_ERROR;
				CLANG_WARN_DOCUMENTATION_COMMENTS = YES;
				CLANG_WARN_EMPTY_BODY = YES;
				CLANG_WARN_ENUM_CONVERSION = YES;
				CLANG_WARN_INFINITE_RECURSION = YES;
				CLANG_WARN_INT_CONVERSION = YES;
				CLANG_WARN_NON_LITERAL_NULL_CONVERSION = YES;
				CLANG_WARN_OBJC_IMPLICIT_RETAIN_SELF = YES;
				CLANG_WARN_OBJC_LITERAL_CONVERSION = YES;
				CLANG_WARN_OBJC_ROOT_CLASS = YES_ERROR;
				CLANG_WARN_QUOTED_INCLUDE_IN_FRAMEWORK_HEADER = YES;
				CLANG_WARN_RANGE_LOOP_ANALYSIS = YES;
				CLANG_WARN_STRICT_PROTOTYPES = YES;
				CLANG_WARN_SUSPICIOUS_MOVE = YES;
				CLANG_WARN_UNGUARDED_AVAILABILITY = YES_AGGRESSIVE;
				CLANG_WARN_UNREACHABLE_CODE = YES;
				CLANG_WARN__DUPLICATE_METHOD_MATCH = YES;
				COPY_PHASE_STRIP = NO;
				DEBUG_INFORMATION_FORMAT = dwarf;
				ENABLE_STRICT_OBJC_MSGSEND = YES;
				ENABLE_TESTABILITY = YES;
				ENABLE_USER_SCRIPT_SANDBOXING = YES;
				GCC_C_LANGUAGE_STANDARD = gnu11;
				GCC_DYNAMIC_NO_PIC = NO;
				GCC_NO_COMMON_BLOCKS = YES;
				GCC_OPTIMIZATION_LEVEL = 0;
				GCC_PREPROCESSOR_DEFINITIONS = (
					"DEBUG=1",
					"$(inherited)",
				);
				GCC_WARN_64_TO_32_BIT_CONVERSION = YES;
				GCC_WARN_ABOUT_RETURN_TYPE = YES_ERROR;
				GCC_WARN_UNDECLARED_SELECTOR = YES;
				GCC_WARN_UNINITIALIZED_AUTOS = YES_AGGRESSIVE;
				GCC_WARN_UNUSED_FUNCTION = YES;
				GCC_WARN_UNUSED_VARIABLE = YES;
				IPHONEOS_DEPLOYMENT_TARGET = 16.4;
				MTL_ENABLE_DEBUG_INFO = INCLUDE_SOURCE;
				MTL_FAST_MATH = YES;
				ONLY_ACTIVE_ARCH = YES;
				SDKROOT = iphoneos;
				SWIFT_ACTIVE_COMPILATION_CONDITIONS = DEBUG;
				SWIFT_OPTIMIZATION_LEVEL = "-Onone";
			};
			name = Debug;
		};
		E4C4A5012AC5CB6F00BAA03A /* Release */ = {
			isa = XCBuildConfiguration;
			buildSettings = {
				ALWAYS_SEARCH_USER_PATHS = NO;
				CLANG_ANALYZER_NONNULL = YES;
				CLANG_ANALYZER_NUMBER_OBJECT_CONVERSION = YES_AGGRESSIVE;
				CLANG_CXX_LANGUAGE_STANDARD = "gnu++20";
				CLANG_ENABLE_MODULES = YES;
				CLANG_ENABLE_OBJC_ARC = YES;
				CLANG_ENABLE_OBJC_WEAK = YES;
				CLANG_WARN_BLOCK_CAPTURE_AUTORELEASING = YES;
				CLANG_WARN_BOOL_CONVERSION = YES;
				CLANG_WARN_COMMA = YES;
				CLANG_WARN_CONSTANT_CONVERSION = YES;
				CLANG_WARN_DEPRECATED_OBJC_IMPLEMENTATIONS = YES;
				CLANG_WARN_DIRECT_OBJC_ISA_USAGE = YES_ERROR;
				CLANG_WARN_DOCUMENTATION_COMMENTS = YES;
				CLANG_WARN_EMPTY_BODY = YES;
				CLANG_WARN_ENUM_CONVERSION = YES;
				CLANG_WARN_INFINITE_RECURSION = YES;
				CLANG_WARN_INT_CONVERSION = YES;
				CLANG_WARN_NON_LITERAL_NULL_CONVERSION = YES;
				CLANG_WARN_OBJC_IMPLICIT_RETAIN_SELF = YES;
				CLANG_WARN_OBJC_LITERAL_CONVERSION = YES;
				CLANG_WARN_OBJC_ROOT_CLASS = YES_ERROR;
				CLANG_WARN_QUOTED_INCLUDE_IN_FRAMEWORK_HEADER = YES;
				CLANG_WARN_RANGE_LOOP_ANALYSIS = YES;
				CLANG_WARN_STRICT_PROTOTYPES = YES;
				CLANG_WARN_SUSPICIOUS_MOVE = YES;
				CLANG_WARN_UNGUARDED_AVAILABILITY = YES_AGGRESSIVE;
				CLANG_WARN_UNREACHABLE_CODE = YES;
				CLANG_WARN__DUPLICATE_METHOD_MATCH = YES;
				COPY_PHASE_STRIP = NO;
				DEBUG_INFORMATION_FORMAT = "dwarf-with-dsym";
				ENABLE_NS_ASSERTIONS = NO;
				ENABLE_STRICT_OBJC_MSGSEND = YES;
				ENABLE_USER_SCRIPT_SANDBOXING = YES;
				GCC_C_LANGUAGE_STANDARD = gnu11;
				GCC_NO_COMMON_BLOCKS = YES;
				GCC_WARN_64_TO_32_BIT_CONVERSION = YES;
				GCC_WARN_ABOUT_RETURN_TYPE = YES_ERROR;
				GCC_WARN_UNDECLARED_SELECTOR = YES;
				GCC_WARN_UNINITIALIZED_AUTOS = YES_AGGRESSIVE;
				GCC_WARN_UNUSED_FUNCTION = YES;
				GCC_WARN_UNUSED_VARIABLE = YES;
				IPHONEOS_DEPLOYMENT_TARGET = 16.4;
				MTL_ENABLE_DEBUG_INFO = NO;
				MTL_FAST_MATH = YES;
				SDKROOT = iphoneos;
				SWIFT_COMPILATION_MODE = wholemodule;
				SWIFT_OPTIMIZATION_LEVEL = "-O";
				VALIDATE_PRODUCT = YES;
			};
			name = Release;
		};
		E4C4A5032AC5CB6F00BAA03A /* Debug */ = {
			isa = XCBuildConfiguration;
			buildSettings = {
				ASSETCATALOG_COMPILER_APPICON_NAME = AppIcon;
				ASSETCATALOG_COMPILER_GLOBAL_ACCENT_COLOR_NAME = AccentColor;
				CODE_SIGN_STYLE = Automatic;
				CURRENT_PROJECT_VERSION = 1;
				DEVELOPMENT_TEAM = HYB4RR9UDF;
				GENERATE_INFOPLIST_FILE = YES;
				INFOPLIST_FILE = UsersApp/Info.plist;
				INFOPLIST_KEY_UIApplicationSupportsIndirectInputEvents = YES;
				INFOPLIST_KEY_UILaunchStoryboardName = LaunchScreen;
				INFOPLIST_KEY_UISupportedInterfaceOrientations = UIInterfaceOrientationPortrait;
				LD_RUNPATH_SEARCH_PATHS = (
					"$(inherited)",
					"@executable_path/Frameworks",
				);
				MARKETING_VERSION = 1.0;
				PRODUCT_BUNDLE_IDENTIFIER = "dardar.iOS-Internship-Assignment-3";
				PRODUCT_NAME = "$(TARGET_NAME)";
				SWIFT_EMIT_LOC_STRINGS = YES;
				SWIFT_VERSION = 5.0;
				TARGETED_DEVICE_FAMILY = "1,2";
			};
			name = Debug;
		};
		E4C4A5042AC5CB6F00BAA03A /* Release */ = {
			isa = XCBuildConfiguration;
			buildSettings = {
				ASSETCATALOG_COMPILER_APPICON_NAME = AppIcon;
				ASSETCATALOG_COMPILER_GLOBAL_ACCENT_COLOR_NAME = AccentColor;
				CODE_SIGN_STYLE = Automatic;
				CURRENT_PROJECT_VERSION = 1;
				DEVELOPMENT_TEAM = HYB4RR9UDF;
				GENERATE_INFOPLIST_FILE = YES;
				INFOPLIST_FILE = UsersApp/Info.plist;
				INFOPLIST_KEY_UIApplicationSupportsIndirectInputEvents = YES;
				INFOPLIST_KEY_UILaunchStoryboardName = LaunchScreen;
				INFOPLIST_KEY_UISupportedInterfaceOrientations = UIInterfaceOrientationPortrait;
				LD_RUNPATH_SEARCH_PATHS = (
					"$(inherited)",
					"@executable_path/Frameworks",
				);
				MARKETING_VERSION = 1.0;
				PRODUCT_BUNDLE_IDENTIFIER = dardar.Assignment3;
				PRODUCT_NAME = "$(TARGET_NAME)";
				SWIFT_EMIT_LOC_STRINGS = YES;
				SWIFT_VERSION = 5.0;
				TARGETED_DEVICE_FAMILY = "1,2";
			};
			name = Release;
		};
/* End XCBuildConfiguration section */

/* Begin XCConfigurationList section */
		E4C4A4E92AC5CB6E00BAA03A /* Build configuration list for PBXProject "UsersApp" */ = {
			isa = XCConfigurationList;
			buildConfigurations = (
				E4C4A5002AC5CB6F00BAA03A /* Debug */,
				E4C4A5012AC5CB6F00BAA03A /* Release */,
			);
			defaultConfigurationIsVisible = 0;
			defaultConfigurationName = Release;
		};
		E4C4A5022AC5CB6F00BAA03A /* Build configuration list for PBXNativeTarget "UsersApp" */ = {
			isa = XCConfigurationList;
			buildConfigurations = (
				E4C4A5032AC5CB6F00BAA03A /* Debug */,
				E4C4A5042AC5CB6F00BAA03A /* Release */,
			);
			defaultConfigurationIsVisible = 0;
			defaultConfigurationName = Release;
		};
/* End XCConfigurationList section */
	};
	rootObject = E4C4A4E62AC5CB6E00BAA03A /* Project object */;
}
