// !$*UTF8*$!
{
	archiveVersion = 1;
	classes = {
	};
	objectVersion = 56;
	objects = {

/* Begin PBXBuildFile section */
		E437C2612ACCCD4B00DD8950 /* Model.swift in Sources */ = {isa = PBXBuildFile; fileRef = E437C2602ACCCD4B00DD8950 /* Model.swift */; };
		E437C2632ACCCF3800DD8950 /* NetworkManager.swift in Sources */ = {isa = PBXBuildFile; fileRef = E437C2622ACCCF3800DD8950 /* NetworkManager.swift */; };
		E437C2652ACCD06000DD8950 /* Extensions.swift in Sources */ = {isa = PBXBuildFile; fileRef = E437C2642ACCD06000DD8950 /* Extensions.swift */; };
		E4C4A4F22AC5CB6E00BAA03A /* AppDelegate.swift in Sources */ = {isa = PBXBuildFile; fileRef = E4C4A4F12AC5CB6E00BAA03A /* AppDelegate.swift */; };
		E4C4A4F42AC5CB6E00BAA03A /* SceneDelegate.swift in Sources */ = {isa = PBXBuildFile; fileRef = E4C4A4F32AC5CB6E00BAA03A /* SceneDelegate.swift */; };
		E4C4A4F62AC5CB6E00BAA03A /* ViewController.swift in Sources */ = {isa = PBXBuildFile; fileRef = E4C4A4F52AC5CB6E00BAA03A /* ViewController.swift */; };
		E4C4A4F92AC5CB6E00BAA03A /* Main.storyboard in Resources */ = {isa = PBXBuildFile; fileRef = E4C4A4F72AC5CB6E00BAA03A /* Main.storyboard */; };
		E4C4A4FB2AC5CB6F00BAA03A /* Assets.xcassets in Resources */ = {isa = PBXBuildFile; fileRef = E4C4A4FA2AC5CB6F00BAA03A /* Assets.xcassets */; };
		E4C4A4FE2AC5CB6F00BAA03A /* LaunchScreen.storyboard in Resources */ = {isa = PBXBuildFile; fileRef = E4C4A4FC2AC5CB6F00BAA03A /* LaunchScreen.storyboard */; };
		E4C4A5062AC5CC7C00BAA03A /* CellController.swift in Sources */ = {isa = PBXBuildFile; fileRef = E4C4A5052AC5CC7C00BAA03A /* CellController.swift */; };
/* End PBXBuildFile section */

/* Begin PBXFileReference section */
		E437C2602ACCCD4B00DD8950 /* Model.swift */ = {isa = PBXFileReference; lastKnownFileType = sourcecode.swift; path = Model.swift; sourceTree = "<group>"; };
		E437C2622ACCCF3800DD8950 /* NetworkManager.swift */ = {isa = PBXFileReference; lastKnownFileType = sourcecode.swift; path = NetworkManager.swift; sourceTree = "<group>"; };
		E437C2642ACCD06000DD8950 /* Extensions.swift */ = {isa = PBXFileReference; lastKnownFileType = sourcecode.swift; path = Extensions.swift; sourceTree = "<group>"; };
		E4C4A4EE2AC5CB6E00BAA03A /* Prob.app */ = {isa = PBXFileReference; explicitFileType = wrapper.application; includeInIndex = 0; path = Prob.app; sourceTree = BUILT_PRODUCTS_DIR; };
		E4C4A4F12AC5CB6E00BAA03A /* AppDelegate.swift */ = {isa = PBXFileReference; lastKnownFileType = sourcecode.swift; path = AppDelegate.swift; sourceTree = "<group>"; };
		E4C4A4F32AC5CB6E00BAA03A /* SceneDelegate.swift */ = {isa = PBXFileReference; lastKnownFileType = sourcecode.swift; path = SceneDelegate.swift; sourceTree = "<group>"; };
		E4C4A4F52AC5CB6E00BAA03A /* ViewController.swift */ = {isa = PBXFileReference; lastKnownFileType = sourcecode.swift; path = ViewController.swift; sourceTree = "<group>"; };
		E4C4A4F82AC5CB6E00BAA03A /* Base */ = {isa = PBXFileReference; lastKnownFileType = file.storyboard; name = Base; path = Base.lproj/Main.storyboard; sourceTree = "<group>"; };
		E4C4A4FA2AC5CB6F00BAA03A /* Assets.xcassets */ = {isa = PBXFileReference; lastKnownFileType = folder.assetcatalog; path = Assets.xcassets; sourceTree = "<group>"; };
		E4C4A4FD2AC5CB6F00BAA03A /* Base */ = {isa = PBXFileReference; lastKnownFileType = file.storyboard; name = Base; path = Base.lproj/LaunchScreen.storyboard; sourceTree = "<group>"; };
		E4C4A4FF2AC5CB6F00BAA03A /* Info.plist */ = {isa = PBXFileReference; lastKnownFileType = text.plist.xml; path = Info.plist; sourceTree = "<group>"; };
		E4C4A5052AC5CC7C00BAA03A /* CellController.swift */ = {isa = PBXFileReference; lastKnownFileType = sourcecode.swift; path = CellController.swift; sourceTree = "<group>"; };
/* End PBXFileReference section */

/* Begin PBXFrameworksBuildPhase section */
		E4C4A4EB2AC5CB6E00BAA03A /* Frameworks */ = {
			isa = PBXFrameworksBuildPhase;
			buildActionMask = 2147483647;
			files = (
			);
			runOnlyForDeploymentPostprocessing = 0;
		};
/* End PBXFrameworksBuildPhase section */

/* Begin PBXGroup section */
		E4C4A4E52AC5CB6E00BAA03A = {
			isa = PBXGroup;
			children = (
				E4C4A4F02AC5CB6E00BAA03A /* Prob */,
				E4C4A4EF2AC5CB6E00BAA03A /* Products */,
			);
			sourceTree = "<group>";
		};
		E4C4A4EF2AC5CB6E00BAA03A /* Products */ = {
			isa = PBXGroup;
			children = (
				E4C4A4EE2AC5CB6E00BAA03A /* Prob.app */,
			);
			name = Products;
			sourceTree = "<group>";
		};
		E4C4A4F02AC5CB6E00BAA03A /* Prob */ = {
			isa = PBXGroup;
			children = (
				E4C4A4F12AC5CB6E00BAA03A /* AppDelegate.swift */,
				E4C4A4F32AC5CB6E00BAA03A /* SceneDelegate.swift */,
				E4C4A4F52AC5CB6E00BAA03A /* ViewController.swift */,
				E437C2642ACCD06000DD8950 /* Extensions.swift */,
				E437C2622ACCCF3800DD8950 /* NetworkManager.swift */,
				E437C2602ACCCD4B00DD8950 /* Model.swift */,
				E4C4A4F72AC5CB6E00BAA03A /* Main.storyboard */,
				E4C4A5052AC5CC7C00BAA03A /* CellController.swift */,
				E4C4A4FA2AC5CB6F00BAA03A /* Assets.xcassets */,
				E4C4A4FC2AC5CB6F00BAA03A /* LaunchScreen.storyboard */,
				E4C4A4FF2AC5CB6F00BAA03A /* Info.plist */,
			);
			path = Prob;
			sourceTree = "<group>";
		};
/* End PBXGroup section */

/* Begin PBXNativeTarget section */
		E4C4A4ED2AC5CB6E00BAA03A /* Prob */ = {
			isa = PBXNativeTarget;
			buildConfigurationList = E4C4A5022AC5CB6F00BAA03A /* Build configuration list for PBXNativeTarget "Prob" */;
			buildPhases = (
				E4C4A4EA2AC5CB6E00BAA03A /* Sources */,
				E4C4A4EB2AC5CB6E00BAA03A /* Frameworks */,
				E4C4A4EC2AC5CB6E00BAA03A /* Resources */,
			);
			buildRules = (
			);
			dependencies = (
			);
			name = Prob;
			productName = Prob;
			productReference = E4C4A4EE2AC5CB6E00BAA03A /* Prob.app */;
			productType = "com.apple.product-type.application";
		};
/* End PBXNativeTarget section */

/* Begin PBXProject section */
		E4C4A4E62AC5CB6E00BAA03A /* Project object */ = {
			isa = PBXProject;
			attributes = {
				BuildIndependentTargetsInParallel = 1;
				LastSwiftUpdateCheck = 1430;
				LastUpgradeCheck = 1430;
				TargetAttributes = {
					E4C4A4ED2AC5CB6E00BAA03A = {
						CreatedOnToolsVersion = 14.3.1;
					};
				};
			};
			buildConfigurationList = E4C4A4E92AC5CB6E00BAA03A /* Build configuration list for PBXProject "Prob" */;
			compatibilityVersion = "Xcode 14.0";
			developmentRegion = en;
			hasScannedForEncodings = 0;
			knownRegions = (
				en,
				Base,
			);
			mainGroup = E4C4A4E52AC5CB6E00BAA03A;
			productRefGroup = E4C4A4EF2AC5CB6E00BAA03A /* Products */;
			projectDirPath = "";
			projectRoot = "";
			targets = (
				E4C4A4ED2AC5CB6E00BAA03A /* Prob */,
			);
		};
/* End PBXProject section */

/* Begin PBXResourcesBuildPhase section */
		E4C4A4EC2AC5CB6E00BAA03A /* Resources */ = {
			isa = PBXResourcesBuildPhase;
			buildActionMask = 2147483647;
			files = (
				E4C4A4FE2AC5CB6F00BAA03A /* LaunchScreen.storyboard in Resources */,
				E4C4A4FB2AC5CB6F00BAA03A /* Assets.xcassets in Resources */,
				E4C4A4F92AC5CB6E00BAA03A /* Main.storyboard in Resources */,
			);
			runOnlyForDeploymentPostprocessing = 0;
		};
/* End PBXResourcesBuildPhase section */

/* Begin PBXSourcesBuildPhase section */
		E4C4A4EA2AC5CB6E00BAA03A /* Sources */ = {
			isa = PBXSourcesBuildPhase;
			buildActionMask = 2147483647;
			files = (
				E437C2632ACCCF3800DD8950 /* NetworkManager.swift in Sources */,
				E437C2612ACCCD4B00DD8950 /* Model.swift in Sources */,
				E4C4A5062AC5CC7C00BAA03A /* CellController.swift in Sources */,
				E4C4A4F62AC5CB6E00BAA03A /* ViewController.swift in Sources */,
				E4C4A4F22AC5CB6E00BAA03A /* AppDelegate.swift in Sources */,
				E4C4A4F42AC5CB6E00BAA03A /* SceneDelegate.swift in Sources */,
				E437C2652ACCD06000DD8950 /* Extensions.swift in Sources */,
			);
			runOnlyForDeploymentPostprocessing = 0;
		};
/* End PBXSourcesBuildPhase section */

/* Begin PBXVariantGroup section */
		E4C4A4F72AC5CB6E00BAA03A /* Main.storyboard */ = {
			isa = PBXVariantGroup;
			children = (
				E4C4A4F82AC5CB6E00BAA03A /* Base */,
			);
			name = Main.storyboard;
			sourceTree = "<group>";
		};
		E4C4A4FC2AC5CB6F00BAA03A /* LaunchScreen.storyboard */ = {
			isa = PBXVariantGroup;
			children = (
				E4C4A4FD2AC5CB6F00BAA03A /* Base */,
			);
			name = LaunchScreen.storyboard;
			sourceTree = "<group>";
		};
/* End PBXVariantGroup section */

/* Begin XCBuildConfiguration section */
		E4C4A5002AC5CB6F00BAA03A /* Debug */ = {
			isa = XCBuildConfiguration;
			buildSettings = {
				ALWAYS_SEARCH_USER_PATHS = NO;
				CLANG_ANALYZER_NONNULL = YES;
				CLANG_ANALYZER_NUMBER_OBJECT_CONVERSION = YES_AGGRESSIVE;
				CLANG_CXX_LANGUAGE_STANDARD = "gnu++20";
				CLANG_ENABLE_MODULES = YES;
				CLANG_ENABLE_OBJC_ARC = YES;
				CLANG_ENABLE_OBJC_WEAK = YES;
				CLANG_WARN_BLOCK_CAPTURE_AUTORELEASING = YES;
				CLANG_WARN_BOOL_CONVERSION = YES;
				CLANG_WARN_COMMA = YES;
				CLANG_WARN_CONSTANT_CONVERSION = YES;
				CLANG_WARN_DEPRECATED_OBJC_IMPLEMENTATIONS = YES;
				CLANG_WARN_DIRECT_OBJC_ISA_USAGE = YES_ERROR;
				CLANG_WARN_DOCUMENTATION_COMMENTS = YES;
				CLANG_WARN_EMPTY_BODY = YES;
				CLANG_WARN_ENUM_CONVERSION = YES;
				CLANG_WARN_INFINITE_RECURSION = YES;
				CLANG_WARN_INT_CONVERSION = YES;
				CLANG_WARN_NON_LITERAL_NULL_CONVERSION = YES;
				CLANG_WARN_OBJC_IMPLICIT_RETAIN_SELF = YES;
				CLANG_WARN_OBJC_LITERAL_CONVERSION = YES;
				CLANG_WARN_OBJC_ROOT_CLASS = YES_ERROR;
				CLANG_WARN_QUOTED_INCLUDE_IN_FRAMEWORK_HEADER = YES;
				CLANG_WARN_RANGE_LOOP_ANALYSIS = YES;
				CLANG_WARN_STRICT_PROTOTYPES = YES;
				CLANG_WARN_SUSPICIOUS_MOVE = YES;
				CLANG_WARN_UNGUARDED_AVAILABILITY = YES_AGGRESSIVE;
				CLANG_WARN_UNREACHABLE_CODE = YES;
				CLANG_WARN__DUPLICATE_METHOD_MATCH = YES;
				COPY_PHASE_STRIP = NO;
				DEBUG_INFORMATION_FORMAT = dwarf;
				ENABLE_STRICT_OBJC_MSGSEND = YES;
				ENABLE_TESTABILITY = YES;
				GCC_C_LANGUAGE_STANDARD = gnu11;
				GCC_DYNAMIC_NO_PIC = NO;
				GCC_NO_COMMON_BLOCKS = YES;
				GCC_OPTIMIZATION_LEVEL = 0;
				GCC_PREPROCESSOR_DEFINITIONS = (
					"DEBUG=1",
					"$(inherited)",
				);
				GCC_WARN_64_TO_32_BIT_CONVERSION = YES;
				GCC_WARN_ABOUT_RETURN_TYPE = YES_ERROR;
				GCC_WARN_UNDECLARED_SELECTOR = YES;
				GCC_WARN_UNINITIALIZED_AUTOS = YES_AGGRESSIVE;
				GCC_WARN_UNUSED_FUNCTION = YES;
				GCC_WARN_UNUSED_VARIABLE = YES;
				IPHONEOS_DEPLOYMENT_TARGET = 16.4;
				MTL_ENABLE_DEBUG_INFO = INCLUDE_SOURCE;
				MTL_FAST_MATH = YES;
				ONLY_ACTIVE_ARCH = YES;
				SDKROOT = iphoneos;
				SWIFT_ACTIVE_COMPILATION_CONDITIONS = DEBUG;
				SWIFT_OPTIMIZATION_LEVEL = "-Onone";
			};
			name = Debug;
		};
		E4C4A5012AC5CB6F00BAA03A /* Release */ = {
			isa = XCBuildConfiguration;
			buildSettings = {
				ALWAYS_SEARCH_USER_PATHS = NO;
				CLANG_ANALYZER_NONNULL = YES;
				CLANG_ANALYZER_NUMBER_OBJECT_CONVERSION = YES_AGGRESSIVE;
				CLANG_CXX_LANGUAGE_STANDARD = "gnu++20";
				CLANG_ENABLE_MODULES = YES;
				CLANG_ENABLE_OBJC_ARC = YES;
				CLANG_ENABLE_OBJC_WEAK = YES;
				CLANG_WARN_BLOCK_CAPTURE_AUTORELEASING = YES;
				CLANG_WARN_BOOL_CONVERSION = YES;
				CLANG_WARN_COMMA = YES;
				CLANG_WARN_CONSTANT_CONVERSION = YES;
				CLANG_WARN_DEPRECATED_OBJC_IMPLEMENTATIONS = YES;
				CLANG_WARN_DIRECT_OBJC_ISA_USAGE = YES_ERROR;
				CLANG_WARN_DOCUMENTATION_COMMENTS = YES;
				CLANG_WARN_EMPTY_BODY = YES;
				CLANG_WARN_ENUM_CONVERSION = YES;
				CLANG_WARN_INFINITE_RECURSION = YES;
				CLANG_WARN_INT_CONVERSION = YES;
				CLANG_WARN_NON_LITERAL_NULL_CONVERSION = YES;
				CLANG_WARN_OBJC_IMPLICIT_RETAIN_SELF = YES;
				CLANG_WARN_OBJC_LITERAL_CONVERSION = YES;
				CLANG_WARN_OBJC_ROOT_CLASS = YES_ERROR;
				CLANG_WARN_QUOTED_INCLUDE_IN_FRAMEWORK_HEADER = YES;
				CLANG_WARN_RANGE_LOOP_ANALYSIS = YES;
				CLANG_WARN_STRICT_PROTOTYPES = YES;
				CLANG_WARN_SUSPICIOUS_MOVE = YES;
				CLANG_WARN_UNGUARDED_AVAILABILITY = YES_AGGRESSIVE;
				CLANG_WARN_UNREACHABLE_CODE = YES;
				CLANG_WARN__DUPLICATE_METHOD_MATCH = YES;
				COPY_PHASE_STRIP = NO;
				DEBUG_INFORMATION_FORMAT = "dwarf-with-dsym";
				ENABLE_NS_ASSERTIONS = NO;
				ENABLE_STRICT_OBJC_MSGSEND = YES;
				GCC_C_LANGUAGE_STANDARD = gnu11;
				GCC_NO_COMMON_BLOCKS = YES;
				GCC_WARN_64_TO_32_BIT_CONVERSION = YES;
				GCC_WARN_ABOUT_RETURN_TYPE = YES_ERROR;
				GCC_WARN_UNDECLARED_SELECTOR = YES;
				GCC_WARN_UNINITIALIZED_AUTOS = YES_AGGRESSIVE;
				GCC_WARN_UNUSED_FUNCTION = YES;
				GCC_WARN_UNUSED_VARIABLE = YES;
				IPHONEOS_DEPLOYMENT_TARGET = 16.4;
				MTL_ENABLE_DEBUG_INFO = NO;
				MTL_FAST_MATH = YES;
				SDKROOT = iphoneos;
				SWIFT_COMPILATION_MODE = wholemodule;
				SWIFT_OPTIMIZATION_LEVEL = "-O";
				VALIDATE_PRODUCT = YES;
			};
			name = Release;
		};
		E4C4A5032AC5CB6F00BAA03A /* Debug */ = {
			isa = XCBuildConfiguration;
			buildSettings = {
				ASSETCATALOG_COMPILER_APPICON_NAME = AppIcon;
				ASSETCATALOG_COMPILER_GLOBAL_ACCENT_COLOR_NAME = AccentColor;
				CODE_SIGN_STYLE = Automatic;
				CURRENT_PROJECT_VERSION = 1;
				DEVELOPMENT_TEAM = HYB4RR9UDF;
				GENERATE_INFOPLIST_FILE = YES;
				INFOPLIST_FILE = Prob/Info.plist;
				INFOPLIST_KEY_UIApplicationSupportsIndirectInputEvents = YES;
				INFOPLIST_KEY_UILaunchStoryboardName = LaunchScreen;
				INFOPLIST_KEY_UIMainStoryboardFile = Main;
				INFOPLIST_KEY_UISupportedInterfaceOrientations_iPad = "UIInterfaceOrientationPortrait UIInterfaceOrientationPortraitUpsideDown UIInterfaceOrientationLandscapeLeft UIInterfaceOrientationLandscapeRight";
				INFOPLIST_KEY_UISupportedInterfaceOrientations_iPhone = "UIInterfaceOrientationPortrait UIInterfaceOrientationLandscapeLeft UIInterfaceOrientationLandscapeRight";
				LD_RUNPATH_SEARCH_PATHS = (
					"$(inherited)",
					"@executable_path/Frameworks",
				);
				MARKETING_VERSION = 1.0;
				PRODUCT_BUNDLE_IDENTIFIER = dardar.Prob;
				PRODUCT_NAME = "$(TARGET_NAME)";
				SWIFT_EMIT_LOC_STRINGS = YES;
				SWIFT_VERSION = 5.0;
				TARGETED_DEVICE_FAMILY = "1,2";
			};
			name = Debug;
		};
		E4C4A5042AC5CB6F00BAA03A /* Release */ = {
			isa = XCBuildConfiguration;
			buildSettings = {
				ASSETCATALOG_COMPILER_APPICON_NAME = AppIcon;
				ASSETCATALOG_COMPILER_GLOBAL_ACCENT_COLOR_NAME = AccentColor;
				CODE_SIGN_STYLE = Automatic;
				CURRENT_PROJECT_VERSION = 1;
				DEVELOPMENT_TEAM = HYB4RR9UDF;
				GENERATE_INFOPLIST_FILE = YES;
				INFOPLIST_FILE = Prob/Info.plist;
				INFOPLIST_KEY_UIApplicationSupportsIndirectInputEvents = YES;
				INFOPLIST_KEY_UILaunchStoryboardName = LaunchScreen;
				INFOPLIST_KEY_UIMainStoryboardFile = Main;
				INFOPLIST_KEY_UISupportedInterfaceOrientations_iPad = "UIInterfaceOrientationPortrait UIInterfaceOrientationPortraitUpsideDown UIInterfaceOrientationLandscapeLeft UIInterfaceOrientationLandscapeRight";
				INFOPLIST_KEY_UISupportedInterfaceOrientations_iPhone = "UIInterfaceOrientationPortrait UIInterfaceOrientationLandscapeLeft UIInterfaceOrientationLandscapeRight";
				LD_RUNPATH_SEARCH_PATHS = (
					"$(inherited)",
					"@executable_path/Frameworks",
				);
				MARKETING_VERSION = 1.0;
				PRODUCT_BUNDLE_IDENTIFIER = dardar.Prob;
				PRODUCT_NAME = "$(TARGET_NAME)";
				SWIFT_EMIT_LOC_STRINGS = YES;
				SWIFT_VERSION = 5.0;
				TARGETED_DEVICE_FAMILY = "1,2";
			};
			name = Release;
		};
/* End XCBuildConfiguration section */

/* Begin XCConfigurationList section */
		E4C4A4E92AC5CB6E00BAA03A /* Build configuration list for PBXProject "Prob" */ = {
			isa = XCConfigurationList;
			buildConfigurations = (
				E4C4A5002AC5CB6F00BAA03A /* Debug */,
				E4C4A5012AC5CB6F00BAA03A /* Release */,
			);
			defaultConfigurationIsVisible = 0;
			defaultConfigurationName = Release;
		};
		E4C4A5022AC5CB6F00BAA03A /* Build configuration list for PBXNativeTarget "Prob" */ = {
			isa = XCConfigurationList;
			buildConfigurations = (
				E4C4A5032AC5CB6F00BAA03A /* Debug */,
				E4C4A5042AC5CB6F00BAA03A /* Release */,
			);
			defaultConfigurationIsVisible = 0;
			defaultConfigurationName = Release;
		};
/* End XCConfigurationList section */
	};
	rootObject = E4C4A4E62AC5CB6E00BAA03A /* Project object */;
}
